{
  "name": "my.nvim",
  "lockfileVersion": 3,
  "requires": true,
  "packages": {
    "": {
      "devDependencies": {
        "@gkzhb/lua-types-nvim": "^0.0.7"
      }
    },
    "node_modules/@gkzhb/lua-types-nvim": {
      "version": "0.0.7",
      "resolved": "https://registry.npmjs.org/@gkzhb/lua-types-nvim/-/lua-types-nvim-0.0.7.tgz",
      "integrity": "sha512-+XBpAXjBYxicd8xTNK+R+b0SX4+VkJw/qJ36ZMMDXGtIE7DpRlStxrGXVV7CTVxPIreDfzG+q5d0Sz4Jr4U3/Q==",
      "dev": true
    }
  }
}
